
Microsoft Visual Studio Solution File, Format Version 12.00
# Visual Studio Version 16
VisualStudioVersion = 16.0.30413.136
MinimumVisualStudioVersion = 10.0.40219.1
Project("{FAE04EC0-301F-11D3-BF4B-00C04F79EFBC}") = "WindowsFormsApp3", "WindowsFormsApp3\WindowsFormsApp3.csproj", "{888D0BD2-BB1D-4B8F-9A4E-5F6B7F8FAEF7}"
EndProject
Global
	GlobalSection(SolutionConfigurationPlatforms) = preSolution
		Debug|Any CPU = Debug|Any CPU
		Release|Any CPU = Release|Any CPU
	EndGlobalSection
	GlobalSection(ProjectConfigurationPlatforms) = postSolution
		{888D0BD2-BB1D-4B8F-9A4E-5F6B7F8FAEF7}.Debug|Any CPU.ActiveCfg = Debug|Any CPU
		{888D0BD2-BB1D-4B8F-9A4E-5F6B7F8FAEF7}.Debug|Any CPU.Build.0 = Debug|Any CPU
		{888D0BD2-BB1D-4B8F-9A4E-5F6B7F8FAEF7}.Release|Any CPU.ActiveCfg = Release|Any CPU
		{888D0BD2-BB1D-4B8F-9A4E-5F6B7F8FAEF7}.Release|Any CPU.Build.0 = Release|Any CPU
	EndGlobalSection
	GlobalSection(SolutionProperties) = preSolution
		HideSolutionNode = FALSE
	EndGlobalSection
	GlobalSection(ExtensibilityGlobals) = postSolution
		SolutionGuid = {D12CDE73-9CFA-4ACF-ACCE-CEA23F242BBA}
	EndGlobalSection
EndGlobal
